<?xml version="1.0" encoding="utf-8"?>
<Project ToolsVersion="4.0" xmlns="http://schemas.microsoft.com/developer/msbuild/2003">
  <ItemGroup>
    <Filter Include="Source Files">
      <UniqueIdentifier>{4FC737F1-C7A5-4376-A066-2A32D752A2FF}</UniqueIdentifier>
      <Extensions>cpp;c;cc;cxx;def;odl;idl;hpj;bat;asm;asmx</Extensions>
    </Filter>
    <Filter Include="Header Files">
      <UniqueIdentifier>{93995380-89BD-4b04-88EB-625FBE52EBFB}</UniqueIdentifier>
      <Extensions>h;hpp;hxx;hm;inl;inc;xsd</Extensions>
    </Filter>
  </ItemGroup>
  <ItemGroup>
    <ClCompile Include="src\contextmenu.cpp">
      <Filter>Source Files</Filter>
    </ClCompile>
    <ClCompile Include="src\dirent.cpp">
      <Filter>Source Files</Filter>
    </ClCompile>
    <ClCompile Include="src\file_request.cpp">
      <Filter>Source Files</Filter>
    </ClCompile>
    <ClCompile Include="src\global.cpp">
      <Filter>Source Files</Filter>
    </ClCompile>
    <ClCompile Include="src\image.cpp">
      <Filter>Source Files</Filter>
    </ClCompile>
    <ClCompile Include="src\interface.cpp">
      <Filter>Source Files</Filter>
    </ClCompile>
    <ClCompile Include="src\io.cpp">
      <Filter>Source Files</Filter>
    </ClCompile>
    <ClCompile Include="src\item.cpp">
      <Filter>Source Files</Filter>
    </ClCompile>
    <ClCompile Include="src\lw_server.cpp">
      <Filter>Source Files</Filter>
    </ClCompile>
    <ClCompile Include="src\meshinfo.cpp">
      <Filter>Source Files</Filter>
    </ClCompile>
    <ClCompile Include="src\nodeeditor.cpp">
      <Filter>Source Files</Filter>
    </ClCompile>
    <ClCompile Include="src\nodes.cpp">
      <Filter>Source Files</Filter>
    </ClCompile>
    <ClCompile Include="src\objectinfo.cpp">
      <Filter>Source Files</Filter>
    </ClCompile>
    <ClCompile Include="src\panel.cpp">
      <Filter>Source Files</Filter>
    </ClCompile>
    <ClCompile Include="src\platform_win32.cpp">
      <Filter>Source Files</Filter>
    </ClCompile>
    <ClCompile Include="src\plugin_handler.cpp">
      <Filter>Source Files</Filter>
    </ClCompile>
    <ClCompile Include="src\presets.cpp">
      <Filter>Source Files</Filter>
    </ClCompile>
    <ClCompile Include="src\sceneinfo.cpp">
      <Filter>Source Files</Filter>
    </ClCompile>
    <ClCompile Include="src\strptime.cpp">
      <Filter>Source Files</Filter>
    </ClCompile>
    <ClCompile Include="src\surface.cpp">
      <Filter>Source Files</Filter>
    </ClCompile>
    <ClCompile Include="src\texture.cpp">
      <Filter>Source Files</Filter>
    </ClCompile>
    <ClCompile Include="src\vparm.cpp">
      <Filter>Source Files</Filter>
    </ClCompile>
    <ClCompile Include="src\wrapper.cpp">
      <Filter>Source Files</Filter>
    </ClCompile>
    <ClCompile Include="src\xpanel.cpp">
      <Filter>Source Files</Filter>
    </ClCompile>
    <ClCompile Include="src\colour_management.cpp">
      <Filter>Source Files</Filter>
    </ClCompile>
  </ItemGroup>
  <ItemGroup>
    <ClInclude Include="include\lwpp\backdropinfo.h">
      <Filter>Header Files</Filter>
    </ClInclude>
    <ClInclude Include="include\lwpp\camera_handler.h">
      <Filter>Header Files</Filter>
    </ClInclude>
    <ClInclude Include="include\lwpp\camerainfo.h">
      <Filter>Header Files</Filter>
    </ClInclude>
    <ClInclude Include="include\lwpp\command.h">
      <Filter>Header Files</Filter>
    </ClInclude>
    <ClInclude Include="include\lwpp\comring.h">
      <Filter>Header Files</Filter>
    </ClInclude>
    <ClInclude Include="include\lwpp\contextmenu.h">
      <Filter>Header Files</Filter>
    </ClInclude>
    <ClInclude Include="include\lwpp\customobject_handler.h">
      <Filter>Header Files</Filter>
    </ClInclude>
    <ClInclude Include="include\lwpp\debug.h">
      <Filter>Header Files</Filter>
    </ClInclude>
    <ClInclude Include="include\lwpp\displacement_handler.h">
      <Filter>Header Files</Filter>
    </ClInclude>
    <ClInclude Include="include\lwpp\envelope.h">
      <Filter>Header Files</Filter>
    </ClInclude>
    <ClInclude Include="include\lwpp\environment_handler.h">
      <Filter>Header Files</Filter>
    </ClInclude>
    <ClInclude Include="include\lwpp\exception.h">
      <Filter>Header Files</Filter>
    </ClInclude>
    <ClInclude Include="include\lwpp\file_request.h">
      <Filter>Header Files</Filter>
    </ClInclude>
    <ClInclude Include="include\lwpp\framebuffer_handler.h">
      <Filter>Header Files</Filter>
    </ClInclude>
    <ClInclude Include="include\lwpp\generic_handler.h">
      <Filter>Header Files</Filter>
    </ClInclude>
    <ClInclude Include="include\lwpp\global.h">
      <Filter>Header Files</Filter>
    </ClInclude>
    <ClInclude Include="include\lwpp\image.h">
      <Filter>Header Files</Filter>
    </ClInclude>
    <ClInclude Include="include\lwpp\imagefilter_handler.h">
      <Filter>Header Files</Filter>
    </ClInclude>
    <ClInclude Include="include\lwpp\imageio_handler.h">
      <Filter>Header Files</Filter>
    </ClInclude>
    <ClInclude Include="include\lwpp\interface.h">
      <Filter>Header Files</Filter>
    </ClInclude>
    <ClInclude Include="include\lwpp\io.h">
      <Filter>Header Files</Filter>
    </ClInclude>
    <ClInclude Include="include\lwpp\item.h">
      <Filter>Header Files</Filter>
    </ClInclude>
    <ClInclude Include="include\lwpp\itemmotion_handler.h">
      <Filter>Header Files</Filter>
    </ClInclude>
    <ClInclude Include="include\lwpp\lw_server.h">
      <Filter>Header Files</Filter>
    </ClInclude>
    <ClInclude Include="include\lwpp\lw_version.h">
      <Filter>Header Files</Filter>
    </ClInclude>
    <ClInclude Include="include\lwpp\lwpanel_handler.h">
      <Filter>Header Files</Filter>
    </ClInclude>
    <ClInclude Include="include\lwpp\master_handler.h">
      <Filter>Header Files</Filter>
    </ClInclude>
    <ClInclude Include="include\lwpp\math.h">
      <Filter>Header Files</Filter>
    </ClInclude>
    <ClInclude Include="include\lwpp\matrix4x4.h">
      <Filter>Header Files</Filter>
    </ClInclude>
    <ClInclude Include="include\lwpp\meshinfo.h">
      <Filter>Header Files</Filter>
    </ClInclude>
    <ClInclude Include="include\lwpp\message.h">
      <Filter>Header Files</Filter>
    </ClInclude>
    <ClInclude Include="include\lwpp\monitor.h">
      <Filter>Header Files</Filter>
    </ClInclude>
    <ClInclude Include="include\lwpp\node_handler.h">
      <Filter>Header Files</Filter>
    </ClInclude>
    <ClInclude Include="include\lwpp\nodeeditor.h">
      <Filter>Header Files</Filter>
    </ClInclude>
    <ClInclude Include="include\lwpp\nodes.h">
      <Filter>Header Files</Filter>
    </ClInclude>
    <ClInclude Include="include\lwpp\objectinfo.h">
      <Filter>Header Files</Filter>
    </ClInclude>
    <ClInclude Include="include\lwpp\panel.h">
      <Filter>Header Files</Filter>
    </ClInclude>
    <ClInclude Include="include\lwpp\panel_sizer.h">
      <Filter>Header Files</Filter>
    </ClInclude>
    <ClInclude Include="include\lwpp\pixelfilter_handler.h">
      <Filter>Header Files</Filter>
    </ClInclude>
    <ClInclude Include="include\lwpp\platform.h">
      <Filter>Header Files</Filter>
    </ClInclude>
    <ClInclude Include="include\lwpp\platform_win.h">
      <Filter>Header Files</Filter>
    </ClInclude>
    <ClInclude Include="include\lwpp\plugin_handler.h">
      <Filter>Header Files</Filter>
    </ClInclude>
    <ClInclude Include="include\lwpp\point3d.h">
      <Filter>Header Files</Filter>
    </ClInclude>
    <ClInclude Include="include\lwpp\presets.h">
      <Filter>Header Files</Filter>
    </ClInclude>
    <ClInclude Include="include\lwpp\preview.h">
      <Filter>Header Files</Filter>
    </ClInclude>
    <ClInclude Include="include\lwpp\sceneinfo.h">
      <Filter>Header Files</Filter>
    </ClInclude>
    <ClInclude Include="include\lwpp\shader_handler.h">
      <Filter>Header Files</Filter>
    </ClInclude>
    <ClInclude Include="include\lwpp\storeable.h">
      <Filter>Header Files</Filter>
    </ClInclude>
    <ClInclude Include="include\lwpp\surface.h">
      <Filter>Header Files</Filter>
    </ClInclude>
    <ClInclude Include="include\lwpp\texture.h">
      <Filter>Header Files</Filter>
    </ClInclude>
    <ClInclude Include="include\lwpp\texture_editor.h">
      <Filter>Header Files</Filter>
    </ClInclude>
    <ClInclude Include="include\lwpp\texture_handler.h">
      <Filter>Header Files</Filter>
    </ClInclude>
    <ClInclude Include="include\lwpp\threads.h">
      <Filter>Header Files</Filter>
    </ClInclude>
    <ClInclude Include="include\lwpp\timer.h">
      <Filter>Header Files</Filter>
    </ClInclude>
    <ClInclude Include="include\lwpp\utility.h">
      <Filter>Header Files</Filter>
    </ClInclude>
    <ClInclude Include="include\lwpp\vector3d.h">
      <Filter>Header Files</Filter>
    </ClInclude>
    <ClInclude Include="include\lwpp\volumetric_handler.h">
      <Filter>Header Files</Filter>
    </ClInclude>
    <ClInclude Include="include\lwpp\vparm.h">
      <Filter>Header Files</Filter>
    </ClInclude>
    <ClInclude Include="include\lwpp\wrapper.h">
      <Filter>Header Files</Filter>
    </ClInclude>
    <ClInclude Include="include\lwpp\xpanel.h">
      <Filter>Header Files</Filter>
    </ClInclude>
    <ClInclude Include="include\lwpp\colour_management.h">
      <Filter>Header Files</Filter>
    </ClInclude>
    <ClInclude Include="include\lwpp\animloader_handler.h">
      <Filter>Header Files</Filter>
    </ClInclude>
    <ClInclude Include="include\lwpp\mod_command.h">
      <Filter>Header Files</Filter>
    </ClInclude>
    <ClInclude Include="include\lwpp\colour_picker.h">
      <Filter>Header Files</Filter>
    </ClInclude>
  </ItemGroup>
</Project>